
Microsoft Visual Studio Solution File, Format Version 12.00
# Visual Studio 14
VisualStudioVersion = 14.0.24720.0
MinimumVisualStudioVersion = 10.0.40219.1
Project("{FAE04EC0-301F-11D3-BF4B-00C04F79EFBC}") = "ref_out", "MichalLearn\ref_out.csproj", "{8CBFE459-B594-48FF-906F-7AA952E19CC3}"
EndProject
Project("{FAE04EC0-301F-11D3-BF4B-00C04F79EFBC}") = "delegati", "delegati\delegati.csproj", "{22B89D98-B937-4CD7-BCEC-210C98907984}"
EndProject
Project("{FAE04EC0-301F-11D3-BF4B-00C04F79EFBC}") = "Eventy", "Eventy\Eventy.csproj", "{ED2834FC-808D-4C48-A521-5DD45900E19A}"
EndProject
Project("{FAE04EC0-301F-11D3-BF4B-00C04F79EFBC}") = "Lambda", "Lambda\Lambda.csproj", "{D6E99EB1-CA92-4FD5-B4F8-08205C426AAC}"
EndProject
Project("{FAE04EC0-301F-11D3-BF4B-00C04F79EFBC}") = "Eventy1", "Eventy1\Eventy1.csproj", "{F776C471-E4AD-4775-9DEF-7BD069C3E25C}"
EndProject
Project("{FAE04EC0-301F-11D3-BF4B-00C04F79EFBC}") = "Databaza", "Databaza\Databaza.csproj", "{21356671-7002-47B5-8FA8-0F30C7249151}"
EndProject
Project("{FAE04EC0-301F-11D3-BF4B-00C04F79EFBC}") = "Kalkulacka", "Kalkulacka\Kalkulacka.csproj", "{416E8C5E-44DB-4624-9026-A2563D77061B}"
EndProject
Project("{FAE04EC0-301F-11D3-BF4B-00C04F79EFBC}") = "Kalkulacka.Test", "Kalkulacka.Test\Kalkulacka.Test.csproj", "{2D2EC701-337F-4F97-8EAB-833AB5167616}"
EndProject
Project("{FAE04EC0-301F-11D3-BF4B-00C04F79EFBC}") = "SybaseODBC", "SybaseODBC\SybaseODBC.csproj", "{D1DBBE5F-B16B-4132-8381-0869A1690050}"
EndProject
Project("{2150E333-8FDC-42A3-9474-1A3956D46DE8}") = "Learn1", "Learn1", "{676B6E74-94FA-4424-BC5E-81651EE313E0}"
EndProject
Project("{FAE04EC0-301F-11D3-BF4B-00C04F79EFBC}") = "StatickeNestatickeFieldyKonstruktoryPriDedicnosti", "Konstruktory\StatickeNestatickeFieldyKonstruktoryPriDedicnosti.csproj", "{AEE7FA2B-60A6-431F-B016-72AEDC2F2ED4}"
EndProject
Project("{FAE04EC0-301F-11D3-BF4B-00C04F79EFBC}") = "BaseThisDedicnost", "BaseThisDedicnost\BaseThisDedicnost.csproj", "{147AA49A-82ED-4CF1-BC7A-ECACEB4EED05}"
EndProject
Project("{FAE04EC0-301F-11D3-BF4B-00C04F79EFBC}") = "OverrideMetod", "OverrideMetod\OverrideMetod.csproj", "{6FF1C405-25F5-4935-B8E3-F6F5E3664D7D}"
EndProject
Project("{2150E333-8FDC-42A3-9474-1A3956D46DE8}") = "Learn2", "Learn2", "{30CABCC8-E834-4891-B667-17B330B91820}"
EndProject
Project("{FAE04EC0-301F-11D3-BF4B-00C04F79EFBC}") = "Enums", "Enums\Enums.csproj", "{98677D86-9EE2-4650-8012-A793EA317C10}"
EndProject
Project("{FAE04EC0-301F-11D3-BF4B-00C04F79EFBC}") = "InterfacesImplicitne", "Interfaces\InterfacesImplicitne.csproj", "{5D1D6B17-21FE-4702-AC53-9676A2671E6A}"
EndProject
Project("{FAE04EC0-301F-11D3-BF4B-00C04F79EFBC}") = "InterfacesExplicitne", "InterfacesExplicitne\InterfacesExplicitne.csproj", "{CA94518C-6CB4-4936-BC62-01375A6B5345}"
EndProject
Project("{FAE04EC0-301F-11D3-BF4B-00C04F79EFBC}") = "CoMozeObsahovatInterface", "CoMozeObsahovatInterface\CoMozeObsahovatInterface.csproj", "{3ED18154-68A5-4C0E-BB9C-9C3A0D6AB1B5}"
EndProject
Project("{FAE04EC0-301F-11D3-BF4B-00C04F79EFBC}") = "Indexery", "Indexery\Indexery.csproj", "{34EFF94B-6666-4F49-AA29-0B36DB63F07D}"
EndProject
Project("{FAE04EC0-301F-11D3-BF4B-00C04F79EFBC}") = "Generika", "Generika\Generika.csproj", "{B65011F1-03D6-4D42-BEF8-8AFDA425CA1D}"
EndProject
Project("{FAE04EC0-301F-11D3-BF4B-00C04F79EFBC}") = "Regex_example", "Regex\Regex_example.csproj", "{6F5D2271-4684-49A3-9211-2CC3502FF8B6}"
EndProject
Project("{FAE04EC0-301F-11D3-BF4B-00C04F79EFBC}") = "AwsResponderGetMetricsStatistics", "AwsResponderGetMetricsStatistics\AwsResponderGetMetricsStatistics.csproj", "{CF86F414-656C-4627-990F-72FE066E8869}"
EndProject
Project("{FAE04EC0-301F-11D3-BF4B-00C04F79EFBC}") = "CloudPerfPreparation", "CloudPerfPreparation\CloudPerfPreparation.csproj", "{E11AA874-35A6-4D3C-98A9-ED52323FFCD3}"
EndProject
Project("{FAE04EC0-301F-11D3-BF4B-00C04F79EFBC}") = "TCPping", "TCPping\TCPping.csproj", "{564CB7A5-E466-487B-B881-5201FB92514C}"
EndProject
Project("{FAE04EC0-301F-11D3-BF4B-00C04F79EFBC}") = "ConnectViaSsh", "ConnectViaSsh\ConnectViaSsh.csproj", "{4AC15645-E9F4-4543-B508-C3601F55DB68}"
EndProject
Project("{FAE04EC0-301F-11D3-BF4B-00C04F79EFBC}") = "LinqQueries", "LinqQueries\LinqQueries.csproj", "{645043F5-91B0-42AF-AAF0-E7A3B082569D}"
EndProject
Project("{FAE04EC0-301F-11D3-BF4B-00C04F79EFBC}") = "UnitTesting", "UnitTesting\UnitTesting.csproj", "{1CB2EE07-8ACC-4C65-AE80-5B46AD4FF7D4}"
EndProject
Global
	GlobalSection(SolutionConfigurationPlatforms) = preSolution
		Debug|Any CPU = Debug|Any CPU
		Debug|x64 = Debug|x64
		Release|Any CPU = Release|Any CPU
		Release|x64 = Release|x64
	EndGlobalSection
	GlobalSection(ProjectConfigurationPlatforms) = postSolution
		{8CBFE459-B594-48FF-906F-7AA952E19CC3}.Debug|Any CPU.ActiveCfg = Debug|Any CPU
		{8CBFE459-B594-48FF-906F-7AA952E19CC3}.Debug|x64.ActiveCfg = Debug|Any CPU
		{8CBFE459-B594-48FF-906F-7AA952E19CC3}.Debug|x64.Build.0 = Debug|Any CPU
		{8CBFE459-B594-48FF-906F-7AA952E19CC3}.Release|Any CPU.ActiveCfg = Release|Any CPU
		{8CBFE459-B594-48FF-906F-7AA952E19CC3}.Release|Any CPU.Build.0 = Release|Any CPU
		{8CBFE459-B594-48FF-906F-7AA952E19CC3}.Release|x64.ActiveCfg = Release|Any CPU
		{8CBFE459-B594-48FF-906F-7AA952E19CC3}.Release|x64.Build.0 = Release|Any CPU
		{22B89D98-B937-4CD7-BCEC-210C98907984}.Debug|Any CPU.ActiveCfg = Debug|Any CPU
		{22B89D98-B937-4CD7-BCEC-210C98907984}.Debug|x64.ActiveCfg = Debug|Any CPU
		{22B89D98-B937-4CD7-BCEC-210C98907984}.Debug|x64.Build.0 = Debug|Any CPU
		{22B89D98-B937-4CD7-BCEC-210C98907984}.Release|Any CPU.ActiveCfg = Release|Any CPU
		{22B89D98-B937-4CD7-BCEC-210C98907984}.Release|Any CPU.Build.0 = Release|Any CPU
		{22B89D98-B937-4CD7-BCEC-210C98907984}.Release|x64.ActiveCfg = Release|Any CPU
		{22B89D98-B937-4CD7-BCEC-210C98907984}.Release|x64.Build.0 = Release|Any CPU
		{ED2834FC-808D-4C48-A521-5DD45900E19A}.Debug|Any CPU.ActiveCfg = Debug|Any CPU
		{ED2834FC-808D-4C48-A521-5DD45900E19A}.Debug|x64.ActiveCfg = Debug|Any CPU
		{ED2834FC-808D-4C48-A521-5DD45900E19A}.Debug|x64.Build.0 = Debug|Any CPU
		{ED2834FC-808D-4C48-A521-5DD45900E19A}.Release|Any CPU.ActiveCfg = Release|Any CPU
		{ED2834FC-808D-4C48-A521-5DD45900E19A}.Release|Any CPU.Build.0 = Release|Any CPU
		{ED2834FC-808D-4C48-A521-5DD45900E19A}.Release|x64.ActiveCfg = Release|Any CPU
		{ED2834FC-808D-4C48-A521-5DD45900E19A}.Release|x64.Build.0 = Release|Any CPU
		{D6E99EB1-CA92-4FD5-B4F8-08205C426AAC}.Debug|Any CPU.ActiveCfg = Debug|Any CPU
		{D6E99EB1-CA92-4FD5-B4F8-08205C426AAC}.Debug|x64.ActiveCfg = Debug|Any CPU
		{D6E99EB1-CA92-4FD5-B4F8-08205C426AAC}.Debug|x64.Build.0 = Debug|Any CPU
		{D6E99EB1-CA92-4FD5-B4F8-08205C426AAC}.Release|Any CPU.ActiveCfg = Release|Any CPU
		{D6E99EB1-CA92-4FD5-B4F8-08205C426AAC}.Release|Any CPU.Build.0 = Release|Any CPU
		{D6E99EB1-CA92-4FD5-B4F8-08205C426AAC}.Release|x64.ActiveCfg = Release|Any CPU
		{D6E99EB1-CA92-4FD5-B4F8-08205C426AAC}.Release|x64.Build.0 = Release|Any CPU
		{F776C471-E4AD-4775-9DEF-7BD069C3E25C}.Debug|Any CPU.ActiveCfg = Debug|Any CPU
		{F776C471-E4AD-4775-9DEF-7BD069C3E25C}.Debug|x64.ActiveCfg = Debug|Any CPU
		{F776C471-E4AD-4775-9DEF-7BD069C3E25C}.Debug|x64.Build.0 = Debug|Any CPU
		{F776C471-E4AD-4775-9DEF-7BD069C3E25C}.Release|Any CPU.ActiveCfg = Release|Any CPU
		{F776C471-E4AD-4775-9DEF-7BD069C3E25C}.Release|Any CPU.Build.0 = Release|Any CPU
		{F776C471-E4AD-4775-9DEF-7BD069C3E25C}.Release|x64.ActiveCfg = Release|Any CPU
		{F776C471-E4AD-4775-9DEF-7BD069C3E25C}.Release|x64.Build.0 = Release|Any CPU
		{21356671-7002-47B5-8FA8-0F30C7249151}.Debug|Any CPU.ActiveCfg = Debug|Any CPU
		{21356671-7002-47B5-8FA8-0F30C7249151}.Debug|x64.ActiveCfg = Debug|Any CPU
		{21356671-7002-47B5-8FA8-0F30C7249151}.Debug|x64.Build.0 = Debug|Any CPU
		{21356671-7002-47B5-8FA8-0F30C7249151}.Release|Any CPU.ActiveCfg = Release|Any CPU
		{21356671-7002-47B5-8FA8-0F30C7249151}.Release|Any CPU.Build.0 = Release|Any CPU
		{21356671-7002-47B5-8FA8-0F30C7249151}.Release|x64.ActiveCfg = Release|Any CPU
		{21356671-7002-47B5-8FA8-0F30C7249151}.Release|x64.Build.0 = Release|Any CPU
		{416E8C5E-44DB-4624-9026-A2563D77061B}.Debug|Any CPU.ActiveCfg = Debug|Any CPU
		{416E8C5E-44DB-4624-9026-A2563D77061B}.Debug|x64.ActiveCfg = Debug|Any CPU
		{416E8C5E-44DB-4624-9026-A2563D77061B}.Debug|x64.Build.0 = Debug|Any CPU
		{416E8C5E-44DB-4624-9026-A2563D77061B}.Release|Any CPU.ActiveCfg = Release|Any CPU
		{416E8C5E-44DB-4624-9026-A2563D77061B}.Release|Any CPU.Build.0 = Release|Any CPU
		{416E8C5E-44DB-4624-9026-A2563D77061B}.Release|x64.ActiveCfg = Release|Any CPU
		{416E8C5E-44DB-4624-9026-A2563D77061B}.Release|x64.Build.0 = Release|Any CPU
		{2D2EC701-337F-4F97-8EAB-833AB5167616}.Debug|Any CPU.ActiveCfg = Debug|Any CPU
		{2D2EC701-337F-4F97-8EAB-833AB5167616}.Debug|x64.ActiveCfg = Debug|Any CPU
		{2D2EC701-337F-4F97-8EAB-833AB5167616}.Debug|x64.Build.0 = Debug|Any CPU
		{2D2EC701-337F-4F97-8EAB-833AB5167616}.Release|Any CPU.ActiveCfg = Release|Any CPU
		{2D2EC701-337F-4F97-8EAB-833AB5167616}.Release|Any CPU.Build.0 = Release|Any CPU
		{2D2EC701-337F-4F97-8EAB-833AB5167616}.Release|x64.ActiveCfg = Release|Any CPU
		{2D2EC701-337F-4F97-8EAB-833AB5167616}.Release|x64.Build.0 = Release|Any CPU
		{D1DBBE5F-B16B-4132-8381-0869A1690050}.Debug|Any CPU.ActiveCfg = Debug|Any CPU
		{D1DBBE5F-B16B-4132-8381-0869A1690050}.Debug|Any CPU.Build.0 = Debug|Any CPU
		{D1DBBE5F-B16B-4132-8381-0869A1690050}.Debug|x64.ActiveCfg = Debug|x64
		{D1DBBE5F-B16B-4132-8381-0869A1690050}.Debug|x64.Build.0 = Debug|x64
		{D1DBBE5F-B16B-4132-8381-0869A1690050}.Release|Any CPU.ActiveCfg = Release|Any CPU
		{D1DBBE5F-B16B-4132-8381-0869A1690050}.Release|Any CPU.Build.0 = Release|Any CPU
		{D1DBBE5F-B16B-4132-8381-0869A1690050}.Release|x64.ActiveCfg = Release|x64
		{D1DBBE5F-B16B-4132-8381-0869A1690050}.Release|x64.Build.0 = Release|x64
		{AEE7FA2B-60A6-431F-B016-72AEDC2F2ED4}.Debug|Any CPU.ActiveCfg = Debug|Any CPU
		{AEE7FA2B-60A6-431F-B016-72AEDC2F2ED4}.Debug|Any CPU.Build.0 = Debug|Any CPU
		{AEE7FA2B-60A6-431F-B016-72AEDC2F2ED4}.Debug|x64.ActiveCfg = Debug|Any CPU
		{AEE7FA2B-60A6-431F-B016-72AEDC2F2ED4}.Debug|x64.Build.0 = Debug|Any CPU
		{AEE7FA2B-60A6-431F-B016-72AEDC2F2ED4}.Release|Any CPU.ActiveCfg = Release|Any CPU
		{AEE7FA2B-60A6-431F-B016-72AEDC2F2ED4}.Release|Any CPU.Build.0 = Release|Any CPU
		{AEE7FA2B-60A6-431F-B016-72AEDC2F2ED4}.Release|x64.ActiveCfg = Release|Any CPU
		{AEE7FA2B-60A6-431F-B016-72AEDC2F2ED4}.Release|x64.Build.0 = Release|Any CPU
		{147AA49A-82ED-4CF1-BC7A-ECACEB4EED05}.Debug|Any CPU.ActiveCfg = Debug|Any CPU
		{147AA49A-82ED-4CF1-BC7A-ECACEB4EED05}.Debug|Any CPU.Build.0 = Debug|Any CPU
		{147AA49A-82ED-4CF1-BC7A-ECACEB4EED05}.Debug|x64.ActiveCfg = Debug|Any CPU
		{147AA49A-82ED-4CF1-BC7A-ECACEB4EED05}.Debug|x64.Build.0 = Debug|Any CPU
		{147AA49A-82ED-4CF1-BC7A-ECACEB4EED05}.Release|Any CPU.ActiveCfg = Release|Any CPU
		{147AA49A-82ED-4CF1-BC7A-ECACEB4EED05}.Release|Any CPU.Build.0 = Release|Any CPU
		{147AA49A-82ED-4CF1-BC7A-ECACEB4EED05}.Release|x64.ActiveCfg = Release|Any CPU
		{147AA49A-82ED-4CF1-BC7A-ECACEB4EED05}.Release|x64.Build.0 = Release|Any CPU
		{6FF1C405-25F5-4935-B8E3-F6F5E3664D7D}.Debug|Any CPU.ActiveCfg = Debug|Any CPU
		{6FF1C405-25F5-4935-B8E3-F6F5E3664D7D}.Debug|Any CPU.Build.0 = Debug|Any CPU
		{6FF1C405-25F5-4935-B8E3-F6F5E3664D7D}.Debug|x64.ActiveCfg = Debug|Any CPU
		{6FF1C405-25F5-4935-B8E3-F6F5E3664D7D}.Debug|x64.Build.0 = Debug|Any CPU
		{6FF1C405-25F5-4935-B8E3-F6F5E3664D7D}.Release|Any CPU.ActiveCfg = Release|Any CPU
		{6FF1C405-25F5-4935-B8E3-F6F5E3664D7D}.Release|Any CPU.Build.0 = Release|Any CPU
		{6FF1C405-25F5-4935-B8E3-F6F5E3664D7D}.Release|x64.ActiveCfg = Release|Any CPU
		{6FF1C405-25F5-4935-B8E3-F6F5E3664D7D}.Release|x64.Build.0 = Release|Any CPU
		{98677D86-9EE2-4650-8012-A793EA317C10}.Debug|Any CPU.ActiveCfg = Debug|Any CPU
		{98677D86-9EE2-4650-8012-A793EA317C10}.Debug|Any CPU.Build.0 = Debug|Any CPU
		{98677D86-9EE2-4650-8012-A793EA317C10}.Debug|x64.ActiveCfg = Debug|Any CPU
		{98677D86-9EE2-4650-8012-A793EA317C10}.Debug|x64.Build.0 = Debug|Any CPU
		{98677D86-9EE2-4650-8012-A793EA317C10}.Release|Any CPU.ActiveCfg = Release|Any CPU
		{98677D86-9EE2-4650-8012-A793EA317C10}.Release|Any CPU.Build.0 = Release|Any CPU
		{98677D86-9EE2-4650-8012-A793EA317C10}.Release|x64.ActiveCfg = Release|Any CPU
		{98677D86-9EE2-4650-8012-A793EA317C10}.Release|x64.Build.0 = Release|Any CPU
		{5D1D6B17-21FE-4702-AC53-9676A2671E6A}.Debug|Any CPU.ActiveCfg = Debug|Any CPU
		{5D1D6B17-21FE-4702-AC53-9676A2671E6A}.Debug|Any CPU.Build.0 = Debug|Any CPU
		{5D1D6B17-21FE-4702-AC53-9676A2671E6A}.Debug|x64.ActiveCfg = Debug|Any CPU
		{5D1D6B17-21FE-4702-AC53-9676A2671E6A}.Debug|x64.Build.0 = Debug|Any CPU
		{5D1D6B17-21FE-4702-AC53-9676A2671E6A}.Release|Any CPU.ActiveCfg = Release|Any CPU
		{5D1D6B17-21FE-4702-AC53-9676A2671E6A}.Release|Any CPU.Build.0 = Release|Any CPU
		{5D1D6B17-21FE-4702-AC53-9676A2671E6A}.Release|x64.ActiveCfg = Release|Any CPU
		{5D1D6B17-21FE-4702-AC53-9676A2671E6A}.Release|x64.Build.0 = Release|Any CPU
		{CA94518C-6CB4-4936-BC62-01375A6B5345}.Debug|Any CPU.ActiveCfg = Debug|Any CPU
		{CA94518C-6CB4-4936-BC62-01375A6B5345}.Debug|Any CPU.Build.0 = Debug|Any CPU
		{CA94518C-6CB4-4936-BC62-01375A6B5345}.Debug|x64.ActiveCfg = Debug|Any CPU
		{CA94518C-6CB4-4936-BC62-01375A6B5345}.Debug|x64.Build.0 = Debug|Any CPU
		{CA94518C-6CB4-4936-BC62-01375A6B5345}.Release|Any CPU.ActiveCfg = Release|Any CPU
		{CA94518C-6CB4-4936-BC62-01375A6B5345}.Release|Any CPU.Build.0 = Release|Any CPU
		{CA94518C-6CB4-4936-BC62-01375A6B5345}.Release|x64.ActiveCfg = Release|Any CPU
		{CA94518C-6CB4-4936-BC62-01375A6B5345}.Release|x64.Build.0 = Release|Any CPU
		{3ED18154-68A5-4C0E-BB9C-9C3A0D6AB1B5}.Debug|Any CPU.ActiveCfg = Debug|Any CPU
		{3ED18154-68A5-4C0E-BB9C-9C3A0D6AB1B5}.Debug|Any CPU.Build.0 = Debug|Any CPU
		{3ED18154-68A5-4C0E-BB9C-9C3A0D6AB1B5}.Debug|x64.ActiveCfg = Debug|Any CPU
		{3ED18154-68A5-4C0E-BB9C-9C3A0D6AB1B5}.Debug|x64.Build.0 = Debug|Any CPU
		{3ED18154-68A5-4C0E-BB9C-9C3A0D6AB1B5}.Release|Any CPU.ActiveCfg = Release|Any CPU
		{3ED18154-68A5-4C0E-BB9C-9C3A0D6AB1B5}.Release|Any CPU.Build.0 = Release|Any CPU
		{3ED18154-68A5-4C0E-BB9C-9C3A0D6AB1B5}.Release|x64.ActiveCfg = Release|Any CPU
		{3ED18154-68A5-4C0E-BB9C-9C3A0D6AB1B5}.Release|x64.Build.0 = Release|Any CPU
		{34EFF94B-6666-4F49-AA29-0B36DB63F07D}.Debug|Any CPU.ActiveCfg = Debug|Any CPU
		{34EFF94B-6666-4F49-AA29-0B36DB63F07D}.Debug|Any CPU.Build.0 = Debug|Any CPU
		{34EFF94B-6666-4F49-AA29-0B36DB63F07D}.Debug|x64.ActiveCfg = Debug|Any CPU
		{34EFF94B-6666-4F49-AA29-0B36DB63F07D}.Debug|x64.Build.0 = Debug|Any CPU
		{34EFF94B-6666-4F49-AA29-0B36DB63F07D}.Release|Any CPU.ActiveCfg = Release|Any CPU
		{34EFF94B-6666-4F49-AA29-0B36DB63F07D}.Release|Any CPU.Build.0 = Release|Any CPU
		{34EFF94B-6666-4F49-AA29-0B36DB63F07D}.Release|x64.ActiveCfg = Release|Any CPU
		{34EFF94B-6666-4F49-AA29-0B36DB63F07D}.Release|x64.Build.0 = Release|Any CPU
		{B65011F1-03D6-4D42-BEF8-8AFDA425CA1D}.Debug|Any CPU.ActiveCfg = Debug|Any CPU
		{B65011F1-03D6-4D42-BEF8-8AFDA425CA1D}.Debug|Any CPU.Build.0 = Debug|Any CPU
		{B65011F1-03D6-4D42-BEF8-8AFDA425CA1D}.Debug|x64.ActiveCfg = Debug|Any CPU
		{B65011F1-03D6-4D42-BEF8-8AFDA425CA1D}.Debug|x64.Build.0 = Debug|Any CPU
		{B65011F1-03D6-4D42-BEF8-8AFDA425CA1D}.Release|Any CPU.ActiveCfg = Release|Any CPU
		{B65011F1-03D6-4D42-BEF8-8AFDA425CA1D}.Release|Any CPU.Build.0 = Release|Any CPU
		{B65011F1-03D6-4D42-BEF8-8AFDA425CA1D}.Release|x64.ActiveCfg = Release|Any CPU
		{B65011F1-03D6-4D42-BEF8-8AFDA425CA1D}.Release|x64.Build.0 = Release|Any CPU
		{6F5D2271-4684-49A3-9211-2CC3502FF8B6}.Debug|Any CPU.ActiveCfg = Debug|Any CPU
		{6F5D2271-4684-49A3-9211-2CC3502FF8B6}.Debug|Any CPU.Build.0 = Debug|Any CPU
		{6F5D2271-4684-49A3-9211-2CC3502FF8B6}.Debug|x64.ActiveCfg = Debug|Any CPU
		{6F5D2271-4684-49A3-9211-2CC3502FF8B6}.Debug|x64.Build.0 = Debug|Any CPU
		{6F5D2271-4684-49A3-9211-2CC3502FF8B6}.Release|Any CPU.ActiveCfg = Release|Any CPU
		{6F5D2271-4684-49A3-9211-2CC3502FF8B6}.Release|Any CPU.Build.0 = Release|Any CPU
		{6F5D2271-4684-49A3-9211-2CC3502FF8B6}.Release|x64.ActiveCfg = Release|Any CPU
		{6F5D2271-4684-49A3-9211-2CC3502FF8B6}.Release|x64.Build.0 = Release|Any CPU
		{CF86F414-656C-4627-990F-72FE066E8869}.Debug|Any CPU.ActiveCfg = Debug|Any CPU
		{CF86F414-656C-4627-990F-72FE066E8869}.Debug|Any CPU.Build.0 = Debug|Any CPU
		{CF86F414-656C-4627-990F-72FE066E8869}.Debug|x64.ActiveCfg = Debug|Any CPU
		{CF86F414-656C-4627-990F-72FE066E8869}.Debug|x64.Build.0 = Debug|Any CPU
		{CF86F414-656C-4627-990F-72FE066E8869}.Release|Any CPU.ActiveCfg = Release|Any CPU
		{CF86F414-656C-4627-990F-72FE066E8869}.Release|Any CPU.Build.0 = Release|Any CPU
		{CF86F414-656C-4627-990F-72FE066E8869}.Release|x64.ActiveCfg = Release|Any CPU
		{CF86F414-656C-4627-990F-72FE066E8869}.Release|x64.Build.0 = Release|Any CPU
		{E11AA874-35A6-4D3C-98A9-ED52323FFCD3}.Debug|Any CPU.ActiveCfg = Debug|Any CPU
		{E11AA874-35A6-4D3C-98A9-ED52323FFCD3}.Debug|Any CPU.Build.0 = Debug|Any CPU
		{E11AA874-35A6-4D3C-98A9-ED52323FFCD3}.Debug|x64.ActiveCfg = Debug|Any CPU
		{E11AA874-35A6-4D3C-98A9-ED52323FFCD3}.Debug|x64.Build.0 = Debug|Any CPU
		{E11AA874-35A6-4D3C-98A9-ED52323FFCD3}.Release|Any CPU.ActiveCfg = Release|Any CPU
		{E11AA874-35A6-4D3C-98A9-ED52323FFCD3}.Release|Any CPU.Build.0 = Release|Any CPU
		{E11AA874-35A6-4D3C-98A9-ED52323FFCD3}.Release|x64.ActiveCfg = Release|Any CPU
		{E11AA874-35A6-4D3C-98A9-ED52323FFCD3}.Release|x64.Build.0 = Release|Any CPU
		{564CB7A5-E466-487B-B881-5201FB92514C}.Debug|Any CPU.ActiveCfg = Debug|Any CPU
		{564CB7A5-E466-487B-B881-5201FB92514C}.Debug|Any CPU.Build.0 = Debug|Any CPU
		{564CB7A5-E466-487B-B881-5201FB92514C}.Debug|x64.ActiveCfg = Debug|Any CPU
		{564CB7A5-E466-487B-B881-5201FB92514C}.Debug|x64.Build.0 = Debug|Any CPU
		{564CB7A5-E466-487B-B881-5201FB92514C}.Release|Any CPU.ActiveCfg = Release|Any CPU
		{564CB7A5-E466-487B-B881-5201FB92514C}.Release|Any CPU.Build.0 = Release|Any CPU
		{564CB7A5-E466-487B-B881-5201FB92514C}.Release|x64.ActiveCfg = Release|Any CPU
		{564CB7A5-E466-487B-B881-5201FB92514C}.Release|x64.Build.0 = Release|Any CPU
		{4AC15645-E9F4-4543-B508-C3601F55DB68}.Debug|Any CPU.ActiveCfg = Debug|Any CPU
		{4AC15645-E9F4-4543-B508-C3601F55DB68}.Debug|Any CPU.Build.0 = Debug|Any CPU
		{4AC15645-E9F4-4543-B508-C3601F55DB68}.Debug|x64.ActiveCfg = Debug|Any CPU
		{4AC15645-E9F4-4543-B508-C3601F55DB68}.Debug|x64.Build.0 = Debug|Any CPU
		{4AC15645-E9F4-4543-B508-C3601F55DB68}.Release|Any CPU.ActiveCfg = Release|Any CPU
		{4AC15645-E9F4-4543-B508-C3601F55DB68}.Release|Any CPU.Build.0 = Release|Any CPU
		{4AC15645-E9F4-4543-B508-C3601F55DB68}.Release|x64.ActiveCfg = Release|Any CPU
		{4AC15645-E9F4-4543-B508-C3601F55DB68}.Release|x64.Build.0 = Release|Any CPU
		{645043F5-91B0-42AF-AAF0-E7A3B082569D}.Debug|Any CPU.ActiveCfg = Debug|Any CPU
		{645043F5-91B0-42AF-AAF0-E7A3B082569D}.Debug|Any CPU.Build.0 = Debug|Any CPU
		{645043F5-91B0-42AF-AAF0-E7A3B082569D}.Debug|x64.ActiveCfg = Debug|Any CPU
		{645043F5-91B0-42AF-AAF0-E7A3B082569D}.Debug|x64.Build.0 = Debug|Any CPU
		{645043F5-91B0-42AF-AAF0-E7A3B082569D}.Release|Any CPU.ActiveCfg = Release|Any CPU
		{645043F5-91B0-42AF-AAF0-E7A3B082569D}.Release|Any CPU.Build.0 = Release|Any CPU
		{645043F5-91B0-42AF-AAF0-E7A3B082569D}.Release|x64.ActiveCfg = Release|Any CPU
		{645043F5-91B0-42AF-AAF0-E7A3B082569D}.Release|x64.Build.0 = Release|Any CPU
		{1CB2EE07-8ACC-4C65-AE80-5B46AD4FF7D4}.Debug|Any CPU.ActiveCfg = Debug|Any CPU
		{1CB2EE07-8ACC-4C65-AE80-5B46AD4FF7D4}.Debug|Any CPU.Build.0 = Debug|Any CPU
		{1CB2EE07-8ACC-4C65-AE80-5B46AD4FF7D4}.Debug|x64.ActiveCfg = Debug|Any CPU
		{1CB2EE07-8ACC-4C65-AE80-5B46AD4FF7D4}.Debug|x64.Build.0 = Debug|Any CPU
		{1CB2EE07-8ACC-4C65-AE80-5B46AD4FF7D4}.Release|Any CPU.ActiveCfg = Release|Any CPU
		{1CB2EE07-8ACC-4C65-AE80-5B46AD4FF7D4}.Release|Any CPU.Build.0 = Release|Any CPU
		{1CB2EE07-8ACC-4C65-AE80-5B46AD4FF7D4}.Release|x64.ActiveCfg = Release|Any CPU
		{1CB2EE07-8ACC-4C65-AE80-5B46AD4FF7D4}.Release|x64.Build.0 = Release|Any CPU
	EndGlobalSection
	GlobalSection(SolutionProperties) = preSolution
		HideSolutionNode = FALSE
	EndGlobalSection
	GlobalSection(NestedProjects) = preSolution
		{AEE7FA2B-60A6-431F-B016-72AEDC2F2ED4} = {676B6E74-94FA-4424-BC5E-81651EE313E0}
		{147AA49A-82ED-4CF1-BC7A-ECACEB4EED05} = {676B6E74-94FA-4424-BC5E-81651EE313E0}
		{6FF1C405-25F5-4935-B8E3-F6F5E3664D7D} = {676B6E74-94FA-4424-BC5E-81651EE313E0}
		{98677D86-9EE2-4650-8012-A793EA317C10} = {30CABCC8-E834-4891-B667-17B330B91820}
		{5D1D6B17-21FE-4702-AC53-9676A2671E6A} = {30CABCC8-E834-4891-B667-17B330B91820}
		{CA94518C-6CB4-4936-BC62-01375A6B5345} = {30CABCC8-E834-4891-B667-17B330B91820}
		{3ED18154-68A5-4C0E-BB9C-9C3A0D6AB1B5} = {30CABCC8-E834-4891-B667-17B330B91820}
		{34EFF94B-6666-4F49-AA29-0B36DB63F07D} = {30CABCC8-E834-4891-B667-17B330B91820}
		{B65011F1-03D6-4D42-BEF8-8AFDA425CA1D} = {30CABCC8-E834-4891-B667-17B330B91820}
	EndGlobalSection
EndGlobal
